{
  "name": "automation_test",
  "version": "1.0.0",
  "lockfileVersion": 3,
  "requires": true,
  "packages": {
    "": {
      "name": "automation_test",
      "version": "1.0.0",
      "license": "ISC",
      "dependencies": {
        "@sessionbox/toolkit": "^0.0.5",
        "dotenv": "^16.3.1",
        "selenium": "^2.20.0",
        "selenium-webdriver": "^4.12.0"
      },
      "devDependencies": {
        "@types/dotenv": "^8.2.0",
        "@types/selenium-webdriver": "^4.1.16"
      }
    },
    "../toolkit/toolkit": {
      "name": "@sessionbox/toolkit",
      "version": "0.0.4",
      "extraneous": true,
      "license": "ISC",
      "devDependencies": {
        "@changesets/cli": "^2.26.2",
        "@types/selenium-webdriver": "^4.1.15",
        "tsup": "^7.2.0",
        "typescript": "^5.2.2"
      },
      "engines": {
        "node": ">=18.12.0"
      },
      "peerDependencies": {
        "selenium-webdriver": "^4.11.1"
      }
    },
    "node_modules/@sessionbox/toolkit": {
      "version": "0.0.5",
      "resolved": "https://registry.npmjs.org/@sessionbox/toolkit/-/toolkit-0.0.5.tgz",
      "integrity": "sha512-rp9MmExp7QM4lhyKwycjN2d4IO9ZSmGAsH1GvFe5u/OEwHU1m1PCTf3tv87ExWmjkfUhA4ZP4TC/9kxkNOv/+A==",
      "engines": {
        "node": ">=18.12.0"
      },
      "peerDependencies": {
        "selenium-webdriver": "^4.11.1"
      }
    },
    "node_modules/@types/dotenv": {
      "version": "8.2.0",
      "resolved": "https://registry.npmjs.org/@types/dotenv/-/dotenv-8.2.0.tgz",
      "integrity": "sha512-ylSC9GhfRH7m1EUXBXofhgx4lUWmFeQDINW5oLuS+gxWdfUeW4zJdeVTYVkexEW+e2VUvlZR2kGnGGipAWR7kw==",
      "deprecated": "This is a stub types definition. dotenv provides its own type definitions, so you do not need this installed.",
      "dev": true,
      "dependencies": {
        "dotenv": "*"
      }
    },
    "node_modules/@types/node": {
      "version": "20.5.9",
      "dev": true,
      "license": "MIT"
    },
    "node_modules/@types/selenium-webdriver": {
      "version": "4.1.16",
      "dev": true,
      "license": "MIT",
      "dependencies": {
        "@types/ws": "*"
      }
    },
    "node_modules/@types/ws": {
      "version": "8.5.5",
      "dev": true,
      "license": "MIT",
      "dependencies": {
        "@types/node": "*"
      }
    },
    "node_modules/balanced-match": {
      "version": "1.0.2",
      "license": "MIT"
    },
    "node_modules/brace-expansion": {
      "version": "1.1.11",
      "license": "MIT",
      "dependencies": {
        "balanced-match": "^1.0.0",
        "concat-map": "0.0.1"
      }
    },
    "node_modules/concat-map": {
      "version": "0.0.1",
      "license": "MIT"
    },
    "node_modules/core-util-is": {
      "version": "1.0.3",
      "license": "MIT"
    },
    "node_modules/dotenv": {
      "version": "16.3.1",
      "resolved": "https://registry.npmjs.org/dotenv/-/dotenv-16.3.1.tgz",
      "integrity": "sha512-IPzF4w4/Rd94bA9imS68tZBaYyBWSCE47V1RGuMrB94iyTOIEwRmVL2x/4An+6mETpLrKJ5hQkB8W4kFAadeIQ==",
      "engines": {
        "node": ">=12"
      },
      "funding": {
        "url": "https://github.com/motdotla/dotenv?sponsor=1"
      }
    },
    "node_modules/fs.realpath": {
      "version": "1.0.0",
      "license": "ISC"
    },
    "node_modules/glob": {
      "version": "7.2.3",
      "license": "ISC",
      "dependencies": {
        "fs.realpath": "^1.0.0",
        "inflight": "^1.0.4",
        "inherits": "2",
        "minimatch": "^3.1.1",
        "once": "^1.3.0",
        "path-is-absolute": "^1.0.0"
      },
      "engines": {
        "node": "*"
      },
      "funding": {
        "url": "https://github.com/sponsors/isaacs"
      }
    },
    "node_modules/immediate": {
      "version": "3.0.6",
      "license": "MIT"
    },
    "node_modules/inflight": {
      "version": "1.0.6",
      "license": "ISC",
      "dependencies": {
        "once": "^1.3.0",
        "wrappy": "1"
      }
    },
    "node_modules/inherits": {
      "version": "2.0.4",
      "license": "ISC"
    },
    "node_modules/isarray": {
      "version": "1.0.0",
      "license": "MIT"
    },
    "node_modules/jszip": {
      "version": "3.10.1",
      "license": "(MIT OR GPL-3.0-or-later)",
      "dependencies": {
        "lie": "~3.3.0",
        "pako": "~1.0.2",
        "readable-stream": "~2.3.6",
        "setimmediate": "^1.0.5"
      }
    },
    "node_modules/lie": {
      "version": "3.3.0",
      "license": "MIT",
      "dependencies": {
        "immediate": "~3.0.5"
      }
    },
    "node_modules/minimatch": {
      "version": "3.1.2",
      "license": "ISC",
      "dependencies": {
        "brace-expansion": "^1.1.7"
      },
      "engines": {
        "node": "*"
      }
    },
    "node_modules/once": {
      "version": "1.4.0",
      "license": "ISC",
      "dependencies": {
        "wrappy": "1"
      }
    },
    "node_modules/pako": {
      "version": "1.0.11",
      "license": "(MIT AND Zlib)"
    },
    "node_modules/path-is-absolute": {
      "version": "1.0.1",
      "license": "MIT",
      "engines": {
        "node": ">=0.10.0"
      }
    },
    "node_modules/process-nextick-args": {
      "version": "2.0.1",
      "license": "MIT"
    },
    "node_modules/readable-stream": {
      "version": "2.3.8",
      "license": "MIT",
      "dependencies": {
        "core-util-is": "~1.0.0",
        "inherits": "~2.0.3",
        "isarray": "~1.0.0",
        "process-nextick-args": "~2.0.0",
        "safe-buffer": "~5.1.1",
        "string_decoder": "~1.1.1",
        "util-deprecate": "~1.0.1"
      }
    },
    "node_modules/rimraf": {
      "version": "3.0.2",
      "license": "ISC",
      "dependencies": {
        "glob": "^7.1.3"
      },
      "bin": {
        "rimraf": "bin.js"
      },
      "funding": {
        "url": "https://github.com/sponsors/isaacs"
      }
    },
    "node_modules/safe-buffer": {
      "version": "5.1.2",
      "license": "MIT"
    },
    "node_modules/selenium": {
      "version": "2.20.0",
      "bin": {
        "selenium": "bin/selenium"
      },
      "engines": {
        "node": "> 0.4.x"
      }
    },
    "node_modules/selenium-webdriver": {
      "version": "4.12.0",
      "license": "Apache-2.0",
      "dependencies": {
        "jszip": "^3.10.1",
        "tmp": "^0.2.1",
        "ws": ">=8.13.0"
      },
      "engines": {
        "node": ">= 14.20.0"
      }
    },
    "node_modules/setimmediate": {
      "version": "1.0.5",
      "license": "MIT"
    },
    "node_modules/string_decoder": {
      "version": "1.1.1",
      "license": "MIT",
      "dependencies": {
        "safe-buffer": "~5.1.0"
      }
    },
    "node_modules/tmp": {
      "version": "0.2.1",
      "license": "MIT",
      "dependencies": {
        "rimraf": "^3.0.0"
      },
      "engines": {
        "node": ">=8.17.0"
      }
    },
    "node_modules/util-deprecate": {
      "version": "1.0.2",
      "license": "MIT"
    },
    "node_modules/wrappy": {
      "version": "1.0.2",
      "license": "ISC"
    },
    "node_modules/ws": {
      "version": "8.13.0",
      "license": "MIT",
      "engines": {
        "node": ">=10.0.0"
      },
      "peerDependencies": {
        "bufferutil": "^4.0.1",
        "utf-8-validate": ">=5.0.2"
      },
      "peerDependenciesMeta": {
        "bufferutil": {
          "optional": true
        },
        "utf-8-validate": {
          "optional": true
        }
      }
    }
  }
}
